{
  "pins" : [
    {
      "identity" : "authdomain",
      "kind" : "remoteSourceControl",
      "location" : "https://github.com/patrickridd/AuthDomain.git",
      "state" : {
        "revision" : "bbb2c0f35f4ca3f7e6f898ac9114fbc4ea2a3586",
        "version" : "1.1.0"
      }
    }
  ],
  "version" : 2
}
